// !$*UTF8*$!
{
	archiveVersion = 1;
	classes = {
	};
	objectVersion = 46;
	objects = {

/* Begin PBXBuildFile section */
		85E9B4E11FAB9119007EB186 /* main.m in Sources */ = {isa = PBXBuildFile; fileRef = 85E9B4E01FAB9119007EB186 /* main.m */; };
		85E9B4E41FAB9119007EB186 /* AppDelegate.m in Sources */ = {isa = PBXBuildFile; fileRef = 85E9B4E31FAB9119007EB186 /* AppDelegate.m */; };
		85E9B4E71FAB9119007EB186 /* ViewController.m in Sources */ = {isa = PBXBuildFile; fileRef = 85E9B4E61FAB9119007EB186 /* ViewController.m */; };
		85E9B4EA1FAB9119007EB186 /* Main.storyboard in Resources */ = {isa = PBXBuildFile; fileRef = 85E9B4E81FAB9119007EB186 /* Main.storyboard */; };
		85E9B4ED1FAB9119007EB186 /* shadowDemo.xcdatamodeld in Sources */ = {isa = PBXBuildFile; fileRef = 85E9B4EB1FAB9119007EB186 /* shadowDemo.xcdatamodeld */; };
		85E9B4EF1FAB9119007EB186 /* Assets.xcassets in Resources */ = {isa = PBXBuildFile; fileRef = 85E9B4EE1FAB9119007EB186 /* Assets.xcassets */; };
		85E9B4F21FAB9119007EB186 /* LaunchScreen.storyboard in Resources */ = {isa = PBXBuildFile; fileRef = 85E9B4F01FAB9119007EB186 /* LaunchScreen.storyboard */; };
		85E9B4FD1FAB9119007EB186 /* shadowDemoTests.m in Sources */ = {isa = PBXBuildFile; fileRef = 85E9B4FC1FAB9119007EB186 /* shadowDemoTests.m */; };
		85E9B5081FAB9119007EB186 /* shadowDemoUITests.m in Sources */ = {isa = PBXBuildFile; fileRef = 85E9B5071FAB9119007EB186 /* shadowDemoUITests.m */; };
/* End PBXBuildFile section */

/* Begin PBXContainerItemProxy section */
		85E9B4F91FAB9119007EB186 /* PBXContainerItemProxy */ = {
			isa = PBXContainerItemProxy;
			containerPortal = 85E9B4D41FAB9119007EB186 /* Project object */;
			proxyType = 1;
			remoteGlobalIDString = 85E9B4DB1FAB9119007EB186;
			remoteInfo = shadowDemo;
		};
		85E9B5041FAB9119007EB186 /* PBXContainerItemProxy */ = {
			isa = PBXContainerItemProxy;
			containerPortal = 85E9B4D41FAB9119007EB186 /* Project object */;
			proxyType = 1;
			remoteGlobalIDString = 85E9B4DB1FAB9119007EB186;
			remoteInfo = shadowDemo;
		};
/* End PBXContainerItemProxy section */

/* Begin PBXFileReference section */
		85E9B4DC1FAB9119007EB186 /* shadowDemo.app */ = {isa = PBXFileReference; explicitFileType = wrapper.application; includeInIndex = 0; path = shadowDemo.app; sourceTree = BUILT_PRODUCTS_DIR; };
		85E9B4E01FAB9119007EB186 /* main.m */ = {isa = PBXFileReference; lastKnownFileType = sourcecode.c.objc; path = main.m; sourceTree = "<group>"; };
		85E9B4E21FAB9119007EB186 /* AppDelegate.h */ = {isa = PBXFileReference; lastKnownFileType = sourcecode.c.h; path = AppDelegate.h; sourceTree = "<group>"; };
		85E9B4E31FAB9119007EB186 /* AppDelegate.m */ = {isa = PBXFileReference; lastKnownFileType = sourcecode.c.objc; path = AppDelegate.m; sourceTree = "<group>"; };
		85E9B4E51FAB9119007EB186 /* ViewController.h */ = {isa = PBXFileReference; lastKnownFileType = sourcecode.c.h; path = ViewController.h; sourceTree = "<group>"; };
		85E9B4E61FAB9119007EB186 /* ViewController.m */ = {isa = PBXFileReference; lastKnownFileType = sourcecode.c.objc; path = ViewController.m; sourceTree = "<group>"; };
		85E9B4E91FAB9119007EB186 /* Base */ = {isa = PBXFileReference; lastKnownFileType = file.storyboard; name = Base; path = Base.lproj/Main.storyboard; sourceTree = "<group>"; };
		85E9B4EC1FAB9119007EB186 /* shadowDemo.xcdatamodel */ = {isa = PBXFileReference; lastKnownFileType = wrapper.xcdatamodel; path = shadowDemo.xcdatamodel; sourceTree = "<group>"; };
		85E9B4EE1FAB9119007EB186 /* Assets.xcassets */ = {isa = PBXFileReference; lastKnownFileType = folder.assetcatalog; path = Assets.xcassets; sourceTree = "<group>"; };
		85E9B4F11FAB9119007EB186 /* Base */ = {isa = PBXFileReference; lastKnownFileType = file.storyboard; name = Base; path = Base.lproj/LaunchScreen.storyboard; sourceTree = "<group>"; };
		85E9B4F31FAB9119007EB186 /* Info.plist */ = {isa = PBXFileReference; lastKnownFileType = text.plist.xml; path = Info.plist; sourceTree = "<group>"; };
		85E9B4F81FAB9119007EB186 /* shadowDemoTests.xctest */ = {isa = PBXFileReference; explicitFileType = wrapper.cfbundle; includeInIndex = 0; path = shadowDemoTests.xctest; sourceTree = BUILT_PRODUCTS_DIR; };
		85E9B4FC1FAB9119007EB186 /* shadowDemoTests.m */ = {isa = PBXFileReference; lastKnownFileType = sourcecode.c.objc; path = shadowDemoTests.m; sourceTree = "<group>"; };
		85E9B4FE1FAB9119007EB186 /* Info.plist */ = {isa = PBXFileReference; lastKnownFileType = text.plist.xml; path = Info.plist; sourceTree = "<group>"; };
		85E9B5031FAB9119007EB186 /* shadowDemoUITests.xctest */ = {isa = PBXFileReference; explicitFileType = wrapper.cfbundle; includeInIndex = 0; path = shadowDemoUITests.xctest; sourceTree = BUILT_PRODUCTS_DIR; };
		85E9B5071FAB9119007EB186 /* shadowDemoUITests.m */ = {isa = PBXFileReference; lastKnownFileType = sourcecode.c.objc; path = shadowDemoUITests.m; sourceTree = "<group>"; };
		85E9B5091FAB9119007EB186 /* Info.plist */ = {isa = PBXFileReference; lastKnownFileType = text.plist.xml; path = Info.plist; sourceTree = "<group>"; };
/* End PBXFileReference section */

/* Begin PBXFrameworksBuildPhase section */
		85E9B4D91FAB9119007EB186 /* Frameworks */ = {
			isa = PBXFrameworksBuildPhase;
			buildActionMask = 2147483647;
			files = (
			);
			runOnlyForDeploymentPostprocessing = 0;
		};
		85E9B4F51FAB9119007EB186 /* Frameworks */ = {
			isa = PBXFrameworksBuildPhase;
			buildActionMask = 2147483647;
			files = (
			);
			runOnlyForDeploymentPostprocessing = 0;
		};
		85E9B5001FAB9119007EB186 /* Frameworks */ = {
			isa = PBXFrameworksBuildPhase;
			buildActionMask = 2147483647;
			files = (
			);
			runOnlyForDeploymentPostprocessing = 0;
		};
/* End PBXFrameworksBuildPhase section */

/* Begin PBXGroup section */
		85E9B4D31FAB9119007EB186 = {
			isa = PBXGroup;
			children = (
				85E9B4DE1FAB9119007EB186 /* shadowDemo */,
				85E9B4FB1FAB9119007EB186 /* shadowDemoTests */,
				85E9B5061FAB9119007EB186 /* shadowDemoUITests */,
				85E9B4DD1FAB9119007EB186 /* Products */,
			);
			sourceTree = "<group>";
		};
		85E9B4DD1FAB9119007EB186 /* Products */ = {
			isa = PBXGroup;
			children = (
				85E9B4DC1FAB9119007EB186 /* shadowDemo.app */,
				85E9B4F81FAB9119007EB186 /* shadowDemoTests.xctest */,
				85E9B5031FAB9119007EB186 /* shadowDemoUITests.xctest */,
			);
			name = Products;
			sourceTree = "<group>";
		};
		85E9B4DE1FAB9119007EB186 /* shadowDemo */ = {
			isa = PBXGroup;
			children = (
				85E9B4E21FAB9119007EB186 /* AppDelegate.h */,
				85E9B4E31FAB9119007EB186 /* AppDelegate.m */,
				85E9B4E51FAB9119007EB186 /* ViewController.h */,
				85E9B4E61FAB9119007EB186 /* ViewController.m */,
				85E9B4E81FAB9119007EB186 /* Main.storyboard */,
				85E9B4EE1FAB9119007EB186 /* Assets.xcassets */,
				85E9B4F01FAB9119007EB186 /* LaunchScreen.storyboard */,
				85E9B4F31FAB9119007EB186 /* Info.plist */,
				85E9B4EB1FAB9119007EB186 /* shadowDemo.xcdatamodeld */,
				85E9B4DF1FAB9119007EB186 /* Supporting Files */,
			);
			path = shadowDemo;
			sourceTree = "<group>";
		};
		85E9B4DF1FAB9119007EB186 /* Supporting Files */ = {
			isa = PBXGroup;
			children = (
				85E9B4E01FAB9119007EB186 /* main.m */,
			);
			name = "Supporting Files";
			sourceTree = "<group>";
		};
		85E9B4FB1FAB9119007EB186 /* shadowDemoTests */ = {
			isa = PBXGroup;
			children = (
				85E9B4FC1FAB9119007EB186 /* shadowDemoTests.m */,
				85E9B4FE1FAB9119007EB186 /* Info.plist */,
			);
			path = shadowDemoTests;
			sourceTree = "<group>";
		};
		85E9B5061FAB9119007EB186 /* shadowDemoUITests */ = {
			isa = PBXGroup;
			children = (
				85E9B5071FAB9119007EB186 /* shadowDemoUITests.m */,
				85E9B5091FAB9119007EB186 /* Info.plist */,
			);
			path = shadowDemoUITests;
			sourceTree = "<group>";
		};
/* End PBXGroup section */

/* Begin PBXNativeTarget section */
		85E9B4DB1FAB9119007EB186 /* shadowDemo */ = {
			isa = PBXNativeTarget;
			buildConfigurationList = 85E9B50C1FAB9119007EB186 /* Build configuration list for PBXNativeTarget "shadowDemo" */;
			buildPhases = (
				85E9B4D81FAB9119007EB186 /* Sources */,
				85E9B4D91FAB9119007EB186 /* Frameworks */,
				85E9B4DA1FAB9119007EB186 /* Resources */,
			);
			buildRules = (
			);
			dependencies = (
			);
			name = shadowDemo;
			productName = shadowDemo;
			productReference = 85E9B4DC1FAB9119007EB186 /* shadowDemo.app */;
			productType = "com.apple.product-type.application";
		};
		85E9B4F71FAB9119007EB186 /* shadowDemoTests */ = {
			isa = PBXNativeTarget;
			buildConfigurationList = 85E9B50F1FAB9119007EB186 /* Build configuration list for PBXNativeTarget "shadowDemoTests" */;
			buildPhases = (
				85E9B4F41FAB9119007EB186 /* Sources */,
				85E9B4F51FAB9119007EB186 /* Frameworks */,
				85E9B4F61FAB9119007EB186 /* Resources */,
			);
			buildRules = (
			);
			dependencies = (
				85E9B4FA1FAB9119007EB186 /* PBXTargetDependency */,
			);
			name = shadowDemoTests;
			productName = shadowDemoTests;
			productReference = 85E9B4F81FAB9119007EB186 /* shadowDemoTests.xctest */;
			productType = "com.apple.product-type.bundle.unit-test";
		};
		85E9B5021FAB9119007EB186 /* shadowDemoUITests */ = {
			isa = PBXNativeTarget;
			buildConfigurationList = 85E9B5121FAB9119007EB186 /* Build configuration list for PBXNativeTarget "shadowDemoUITests" */;
			buildPhases = (
				85E9B4FF1FAB9119007EB186 /* Sources */,
				85E9B5001FAB9119007EB186 /* Frameworks */,
				85E9B5011FAB9119007EB186 /* Resources */,
			);
			buildRules = (
			);
			dependencies = (
				85E9B5051FAB9119007EB186 /* PBXTargetDependency */,
			);
			name = shadowDemoUITests;
			productName = shadowDemoUITests;
			productReference = 85E9B5031FAB9119007EB186 /* shadowDemoUITests.xctest */;
			productType = "com.apple.product-type.bundle.ui-testing";
		};
/* End PBXNativeTarget section */

/* Begin PBXProject section */
		85E9B4D41FAB9119007EB186 /* Project object */ = {
			isa = PBXProject;
			attributes = {
				LastUpgradeCheck = 0820;
				ORGANIZATIONNAME = com.guoshuobigdata.dev;
				TargetAttributes = {
					85E9B4DB1FAB9119007EB186 = {
						CreatedOnToolsVersion = 8.2.1;
						DevelopmentTeam = 5TG72LL86M;
						ProvisioningStyle = Automatic;
					};
					85E9B4F71FAB9119007EB186 = {
						CreatedOnToolsVersion = 8.2.1;
						ProvisioningStyle = Automatic;
						TestTargetID = 85E9B4DB1FAB9119007EB186;
					};
					85E9B5021FAB9119007EB186 = {
						CreatedOnToolsVersion = 8.2.1;
						ProvisioningStyle = Automatic;
						TestTargetID = 85E9B4DB1FAB9119007EB186;
					};
				};
			};
			buildConfigurationList = 85E9B4D71FAB9119007EB186 /* Build configuration list for PBXProject "shadowDemo" */;
			compatibilityVersion = "Xcode 3.2";
			developmentRegion = English;
			hasScannedForEncodings = 0;
			knownRegions = (
				en,
				Base,
			);
			mainGroup = 85E9B4D31FAB9119007EB186;
			productRefGroup = 85E9B4DD1FAB9119007EB186 /* Products */;
			projectDirPath = "";
			projectRoot = "";
			targets = (
				85E9B4DB1FAB9119007EB186 /* shadowDemo */,
				85E9B4F71FAB9119007EB186 /* shadowDemoTests */,
				85E9B5021FAB9119007EB186 /* shadowDemoUITests */,
			);
		};
/* End PBXProject section */

/* Begin PBXResourcesBuildPhase section */
		85E9B4DA1FAB9119007EB186 /* Resources */ = {
			isa = PBXResourcesBuildPhase;
			buildActionMask = 2147483647;
			files = (
				85E9B4F21FAB9119007EB186 /* LaunchScreen.storyboard in Resources */,
				85E9B4EF1FAB9119007EB186 /* Assets.xcassets in Resources */,
				85E9B4EA1FAB9119007EB186 /* Main.storyboard in Resources */,
			);
			runOnlyForDeploymentPostprocessing = 0;
		};
		85E9B4F61FAB9119007EB186 /* Resources */ = {
			isa = PBXResourcesBuildPhase;
			buildActionMask = 2147483647;
			files = (
			);
			runOnlyForDeploymentPostprocessing = 0;
		};
		85E9B5011FAB9119007EB186 /* Resources */ = {
			isa = PBXResourcesBuildPhase;
			buildActionMask = 2147483647;
			files = (
			);
			runOnlyForDeploymentPostprocessing = 0;
		};
/* End PBXResourcesBuildPhase section */

/* Begin PBXSourcesBuildPhase section */
		85E9B4D81FAB9119007EB186 /* Sources */ = {
			isa = PBXSourcesBuildPhase;
			buildActionMask = 2147483647;
			files = (
				85E9B4E71FAB9119007EB186 /* ViewController.m in Sources */,
				85E9B4E41FAB9119007EB186 /* AppDelegate.m in Sources */,
				85E9B4ED1FAB9119007EB186 /* shadowDemo.xcdatamodeld in Sources */,
				85E9B4E11FAB9119007EB186 /* main.m in Sources */,
			);
			runOnlyForDeploymentPostprocessing = 0;
		};
		85E9B4F41FAB9119007EB186 /* Sources */ = {
			isa = PBXSourcesBuildPhase;
			buildActionMask = 2147483647;
			files = (
				85E9B4FD1FAB9119007EB186 /* shadowDemoTests.m in Sources */,
			);
			runOnlyForDeploymentPostprocessing = 0;
		};
		85E9B4FF1FAB9119007EB186 /* Sources */ = {
			isa = PBXSourcesBuildPhase;
			buildActionMask = 2147483647;
			files = (
				85E9B5081FAB9119007EB186 /* shadowDemoUITests.m in Sources */,
			);
			runOnlyForDeploymentPostprocessing = 0;
		};
/* End PBXSourcesBuildPhase section */

/* Begin PBXTargetDependency section */
		85E9B4FA1FAB9119007EB186 /* PBXTargetDependency */ = {
			isa = PBXTargetDependency;
			target = 85E9B4DB1FAB9119007EB186 /* shadowDemo */;
			targetProxy = 85E9B4F91FAB9119007EB186 /* PBXContainerItemProxy */;
		};
		85E9B5051FAB9119007EB186 /* PBXTargetDependency */ = {
			isa = PBXTargetDependency;
			target = 85E9B4DB1FAB9119007EB186 /* shadowDemo */;
			targetProxy = 85E9B5041FAB9119007EB186 /* PBXContainerItemProxy */;
		};
/* End PBXTargetDependency section */

/* Begin PBXVariantGroup section */
		85E9B4E81FAB9119007EB186 /* Main.storyboard */ = {
			isa = PBXVariantGroup;
			children = (
				85E9B4E91FAB9119007EB186 /* Base */,
			);
			name = Main.storyboard;
			sourceTree = "<group>";
		};
		85E9B4F01FAB9119007EB186 /* LaunchScreen.storyboard */ = {
			isa = PBXVariantGroup;
			children = (
				85E9B4F11FAB9119007EB186 /* Base */,
			);
			name = LaunchScreen.storyboard;
			sourceTree = "<group>";
		};
/* End PBXVariantGroup section */

/* Begin XCBuildConfiguration section */
		85E9B50A1FAB9119007EB186 /* Debug */ = {
			isa = XCBuildConfiguration;
			buildSettings = {
				ALWAYS_SEARCH_USER_PATHS = NO;
				CLANG_ANALYZER_NONNULL = YES;
				CLANG_CXX_LANGUAGE_STANDARD = "gnu++0x";
				CLANG_CXX_LIBRARY = "libc++";
				CLANG_ENABLE_MODULES = YES;
				CLANG_ENABLE_OBJC_ARC = YES;
				CLANG_WARN_BOOL_CONVERSION = YES;
				CLANG_WARN_CONSTANT_CONVERSION = YES;
				CLANG_WARN_DIRECT_OBJC_ISA_USAGE = YES_ERROR;
				CLANG_WARN_DOCUMENTATION_COMMENTS = YES;
				CLANG_WARN_EMPTY_BODY = YES;
				CLANG_WARN_ENUM_CONVERSION = YES;
				CLANG_WARN_INFINITE_RECURSION = YES;
				CLANG_WARN_INT_CONVERSION = YES;
				CLANG_WARN_OBJC_ROOT_CLASS = YES_ERROR;
				CLANG_WARN_SUSPICIOUS_MOVE = YES;
				CLANG_WARN_UNREACHABLE_CODE = YES;
				CLANG_WARN__DUPLICATE_METHOD_MATCH = YES;
				"CODE_SIGN_IDENTITY[sdk=iphoneos*]" = "iPhone Developer";
				COPY_PHASE_STRIP = NO;
				DEBUG_INFORMATION_FORMAT = dwarf;
				ENABLE_STRICT_OBJC_MSGSEND = YES;
				ENABLE_TESTABILITY = YES;
				GCC_C_LANGUAGE_STANDARD = gnu99;
				GCC_DYNAMIC_NO_PIC = NO;
				GCC_NO_COMMON_BLOCKS = YES;
				GCC_OPTIMIZATION_LEVEL = 0;
				GCC_PREPROCESSOR_DEFINITIONS = (
					"DEBUG=1",
					"$(inherited)",
				);
				GCC_WARN_64_TO_32_BIT_CONVERSION = YES;
				GCC_WARN_ABOUT_RETURN_TYPE = YES_ERROR;
				GCC_WARN_UNDECLARED_SELECTOR = YES;
				GCC_WARN_UNINITIALIZED_AUTOS = YES_AGGRESSIVE;
				GCC_WARN_UNUSED_FUNCTION = YES;
				GCC_WARN_UNUSED_VARIABLE = YES;
				IPHONEOS_DEPLOYMENT_TARGET = 10.2;
				MTL_ENABLE_DEBUG_INFO = YES;
				ONLY_ACTIVE_ARCH = YES;
				SDKROOT = iphoneos;
				TARGETED_DEVICE_FAMILY = "1,2";
			};
			name = Debug;
		};
		85E9B50B1FAB9119007EB186 /* Release */ = {
			isa = XCBuildConfiguration;
			buildSettings = {
				ALWAYS_SEARCH_USER_PATHS = NO;
				CLANG_ANALYZER_NONNULL = YES;
				CLANG_CXX_LANGUAGE_STANDARD = "gnu++0x";
				CLANG_CXX_LIBRARY = "libc++";
				CLANG_ENABLE_MODULES = YES;
				CLANG_ENABLE_OBJC_ARC = YES;
				CLANG_WARN_BOOL_CONVERSION = YES;
				CLANG_WARN_CONSTANT_CONVERSION = YES;
				CLANG_WARN_DIRECT_OBJC_ISA_USAGE = YES_ERROR;
				CLANG_WARN_DOCUMENTATION_COMMENTS = YES;
				CLANG_WARN_EMPTY_BODY = YES;
				CLANG_WARN_ENUM_CONVERSION = YES;
				CLANG_WARN_INFINITE_RECURSION = YES;
				CLANG_WARN_INT_CONVERSION = YES;
				CLANG_WARN_OBJC_ROOT_CLASS = YES_ERROR;
				CLANG_WARN_SUSPICIOUS_MOVE = YES;
				CLANG_WARN_UNREACHABLE_CODE = YES;
				CLANG_WARN__DUPLICATE_METHOD_MATCH = YES;
				"CODE_SIGN_IDENTITY[sdk=iphoneos*]" = "iPhone Developer";
				COPY_PHASE_STRIP = NO;
				DEBUG_INFORMATION_FORMAT = "dwarf-with-dsym";
				ENABLE_NS_ASSERTIONS = NO;
				ENABLE_STRICT_OBJC_MSGSEND = YES;
				GCC_C_LANGUAGE_STANDARD = gnu99;
				GCC_NO_COMMON_BLOCKS = YES;
				GCC_WARN_64_TO_32_BIT_CONVERSION = YES;
				GCC_WARN_ABOUT_RETURN_TYPE = YES_ERROR;
				GCC_WARN_UNDECLARED_SELECTOR = YES;
				GCC_WARN_UNINITIALIZED_AUTOS = YES_AGGRESSIVE;
				GCC_WARN_UNUSED_FUNCTION = YES;
				GCC_WARN_UNUSED_VARIABLE = YES;
				IPHONEOS_DEPLOYMENT_TARGET = 10.2;
				MTL_ENABLE_DEBUG_INFO = NO;
				SDKROOT = iphoneos;
				TARGETED_DEVICE_FAMILY = "1,2";
				VALIDATE_PRODUCT = YES;
			};
			name = Release;
		};
		85E9B50D1FAB9119007EB186 /* Debug */ = {
			isa = XCBuildConfiguration;
			buildSettings = {
				ASSETCATALOG_COMPILER_APPICON_NAME = AppIcon;
				DEVELOPMENT_TEAM = 5TG72LL86M;
				INFOPLIST_FILE = shadowDemo/Info.plist;
				LD_RUNPATH_SEARCH_PATHS = "$(inherited) @executable_path/Frameworks";
				PRODUCT_BUNDLE_IDENTIFIER = com.guoshuobigdata.shadowDemo;
				PRODUCT_NAME = "$(TARGET_NAME)";
			};
			name = Debug;
		};
		85E9B50E1FAB9119007EB186 /* Release */ = {
			isa = XCBuildConfiguration;
			buildSettings = {
				ASSETCATALOG_COMPILER_APPICON_NAME = AppIcon;
				DEVELOPMENT_TEAM = 5TG72LL86M;
				INFOPLIST_FILE = shadowDemo/Info.plist;
				LD_RUNPATH_SEARCH_PATHS = "$(inherited) @executable_path/Frameworks";
				PRODUCT_BUNDLE_IDENTIFIER = com.guoshuobigdata.shadowDemo;
				PRODUCT_NAME = "$(TARGET_NAME)";
			};
			name = Release;
		};
		85E9B5101FAB9119007EB186 /* Debug */ = {
			isa = XCBuildConfiguration;
			buildSettings = {
				BUNDLE_LOADER = "$(TEST_HOST)";
				INFOPLIST_FILE = shadowDemoTests/Info.plist;
				LD_RUNPATH_SEARCH_PATHS = "$(inherited) @executable_path/Frameworks @loader_path/Frameworks";
				PRODUCT_BUNDLE_IDENTIFIER = com.guoshuobigdata.shadowDemoTests;
				PRODUCT_NAME = "$(TARGET_NAME)";
				TEST_HOST = "$(BUILT_PRODUCTS_DIR)/shadowDemo.app/shadowDemo";
			};
			name = Debug;
		};
		85E9B5111FAB9119007EB186 /* Release */ = {
			isa = XCBuildConfiguration;
			buildSettings = {
				BUNDLE_LOADER = "$(TEST_HOST)";
				INFOPLIST_FILE = shadowDemoTests/Info.plist;
				LD_RUNPATH_SEARCH_PATHS = "$(inherited) @executable_path/Frameworks @loader_path/Frameworks";
				PRODUCT_BUNDLE_IDENTIFIER = com.guoshuobigdata.shadowDemoTests;
				PRODUCT_NAME = "$(TARGET_NAME)";
				TEST_HOST = "$(BUILT_PRODUCTS_DIR)/shadowDemo.app/shadowDemo";
			};
			name = Release;
		};
		85E9B5131FAB9119007EB186 /* Debug */ = {
			isa = XCBuildConfiguration;
			buildSettings = {
				INFOPLIST_FILE = shadowDemoUITests/Info.plist;
				LD_RUNPATH_SEARCH_PATHS = "$(inherited) @executable_path/Frameworks @loader_path/Frameworks";
				PRODUCT_BUNDLE_IDENTIFIER = com.guoshuobigdata.shadowDemoUITests;
				PRODUCT_NAME = "$(TARGET_NAME)";
				TEST_TARGET_NAME = shadowDemo;
			};
			name = Debug;
		};
		85E9B5141FAB9119007EB186 /* Release */ = {
			isa = XCBuildConfiguration;
			buildSettings = {
				INFOPLIST_FILE = shadowDemoUITests/Info.plist;
				LD_RUNPATH_SEARCH_PATHS = "$(inherited) @executable_path/Frameworks @loader_path/Frameworks";
				PRODUCT_BUNDLE_IDENTIFIER = com.guoshuobigdata.shadowDemoUITests;
				PRODUCT_NAME = "$(TARGET_NAME)";
				TEST_TARGET_NAME = shadowDemo;
			};
			name = Release;
		};
/* End XCBuildConfiguration section */

/* Begin XCConfigurationList section */
		85E9B4D71FAB9119007EB186 /* Build configuration list for PBXProject "shadowDemo" */ = {
			isa = XCConfigurationList;
			buildConfigurations = (
				85E9B50A1FAB9119007EB186 /* Debug */,
				85E9B50B1FAB9119007EB186 /* Release */,
			);
			defaultConfigurationIsVisible = 0;
			defaultConfigurationName = Release;
		};
		85E9B50C1FAB9119007EB186 /* Build configuration list for PBXNativeTarget "shadowDemo" */ = {
			isa = XCConfigurationList;
			buildConfigurations = (
				85E9B50D1FAB9119007EB186 /* Debug */,
				85E9B50E1FAB9119007EB186 /* Release */,
			);
			defaultConfigurationIsVisible = 0;
		};
		85E9B50F1FAB9119007EB186 /* Build configuration list for PBXNativeTarget "shadowDemoTests" */ = {
			isa = XCConfigurationList;
			buildConfigurations = (
				85E9B5101FAB9119007EB186 /* Debug */,
				85E9B5111FAB9119007EB186 /* Release */,
			);
			defaultConfigurationIsVisible = 0;
		};
		85E9B5121FAB9119007EB186 /* Build configuration list for PBXNativeTarget "shadowDemoUITests" */ = {
			isa = XCConfigurationList;
			buildConfigurations = (
				85E9B5131FAB9119007EB186 /* Debug */,
				85E9B5141FAB9119007EB186 /* Release */,
			);
			defaultConfigurationIsVisible = 0;
		};
/* End XCConfigurationList section */

/* Begin XCVersionGroup section */
		85E9B4EB1FAB9119007EB186 /* shadowDemo.xcdatamodeld */ = {
			isa = XCVersionGroup;
			children = (
				85E9B4EC1FAB9119007EB186 /* shadowDemo.xcdatamodel */,
			);
			currentVersion = 85E9B4EC1FAB9119007EB186 /* shadowDemo.xcdatamodel */;
			path = shadowDemo.xcdatamodeld;
			sourceTree = "<group>";
			versionGroupType = wrapper.xcdatamodel;
		};
/* End XCVersionGroup section */
	};
	rootObject = 85E9B4D41FAB9119007EB186 /* Project object */;
}
